
Microsoft Visual Studio Solution File, Format Version 12.00
# Visual Studio Version 17
VisualStudioVersion = 17.0.31825.309
MinimumVisualStudioVersion = 10.0.40219.1
Project("{2150E333-8FDC-42A3-9474-1A3956D46DE8}") = "Services", "Services", "{D31B1DB6-6752-4B88-AAD6-7748C5C8BFEC}"
EndProject
Project("{2150E333-8FDC-42A3-9474-1A3956D46DE8}") = "WebApps", "WebApps", "{55F6ABBA-5F7B-45C6-8CFC-578F04FB9458}"
EndProject
Project("{2150E333-8FDC-42A3-9474-1A3956D46DE8}") = "Cadastros", "Cadastros", "{541E99DC-76BA-4C80-A075-ECB608C6473D}"
EndProject
Project("{2150E333-8FDC-42A3-9474-1A3956D46DE8}") = "Catalogo", "Catalogo", "{20F9F2A6-9408-45D4-B641-A645A817A7A6}"
EndProject
Project("{2150E333-8FDC-42A3-9474-1A3956D46DE8}") = "Core", "Core", "{0EB1E7CF-A190-43F2-975B-A769BBD76E49}"
EndProject
Project("{2150E333-8FDC-42A3-9474-1A3956D46DE8}") = "Fiscal", "Fiscal", "{526333A6-56DD-49C2-9B90-6607787A57BC}"
EndProject
Project("{2150E333-8FDC-42A3-9474-1A3956D46DE8}") = "Pagamentos", "Pagamentos", "{CCBEBA37-FF16-40B9-AEB9-063E6130C762}"
	ProjectSection(SolutionItems) = preProject
		src\NerdStore.Catalogo.Data\CatalogoContext.cs = src\NerdStore.Catalogo.Data\CatalogoContext.cs
	EndProjectSection
EndProject
Project("{2150E333-8FDC-42A3-9474-1A3956D46DE8}") = "Vendas", "Vendas", "{56575772-1F13-4C78-AC63-D35490DDB458}"
EndProject
Project("{9A19103F-16F7-4668-BE54-9A1E7A4F7556}") = "NerdStore.Catalogo.Domain", "src\NerdStore.Catalogo.Domain\NerdStore.Catalogo.Domain.csproj", "{B9803DE9-2C7F-449C-A58B-5DDF258BC653}"
EndProject
Project("{9A19103F-16F7-4668-BE54-9A1E7A4F7556}") = "NerdStore.Core", "src\NerdStore.Core\NerdStore.Core.csproj", "{A4531413-5A79-457E-8969-8B151883C65A}"
EndProject
Project("{2150E333-8FDC-42A3-9474-1A3956D46DE8}") = "Tests", "Tests", "{4280979D-0C34-453D-AA9F-09680DAC412B}"
EndProject
Project("{9A19103F-16F7-4668-BE54-9A1E7A4F7556}") = "NerdStore.Catalogo.Domain.Tests", "tests\NerdStore.Catalogo.Domain.Tests\NerdStore.Catalogo.Domain.Tests.csproj", "{CB4C9645-BC02-4DD0-BABF-47CC65D6D628}"
EndProject
Project("{9A19103F-16F7-4668-BE54-9A1E7A4F7556}") = "NerdStore.Catalogo.Data", "src\NerdStore.Catalogo.Data\NerdStore.Catalogo.Data.csproj", "{0DBE8BA3-E320-4A6E-945D-EDE3E7235388}"
EndProject
Project("{9A19103F-16F7-4668-BE54-9A1E7A4F7556}") = "NerdStore.Catalogo.Application", "src\NerdStore.Catalogo.Application\NerdStore.Catalogo.Application.csproj", "{613D5ACA-5B30-4C70-8C13-0997DB58DB9F}"
EndProject
Project("{9A19103F-16F7-4668-BE54-9A1E7A4F7556}") = "NerdStore.WebApps.MVC", "src\NerdStore.WebApps.MVC\NerdStore.WebApps.MVC.csproj", "{525B332A-4BBF-4416-A2D1-0FCBC96ADA6B}"
EndProject
Project("{FAE04EC0-301F-11D3-BF4B-00C04F79EFBC}") = "NerdStore.Vendas.Domain", "src\NerdStore.Vendas.Domain\NerdStore.Vendas.Domain.csproj", "{665F3551-4658-45D5-AB71-9B30FE5E1EA6}"
EndProject
Project("{FAE04EC0-301F-11D3-BF4B-00C04F79EFBC}") = "NerdStore.Vendas.Application", "src\NerdStore.Vendas.Application\NerdStore.Vendas.Application.csproj", "{2D255718-919D-4D19-9D25-E5613C760AF7}"
EndProject
Project("{FAE04EC0-301F-11D3-BF4B-00C04F79EFBC}") = "NerdStore.Vendas.Data", "src\NerdStore.Vendas.Data\NerdStore.Vendas.Data.csproj", "{687974FC-FE2F-45F1-8626-9A0E4F1D6270}"
EndProject
Global
	GlobalSection(SolutionConfigurationPlatforms) = preSolution
		Debug|Any CPU = Debug|Any CPU
		Release|Any CPU = Release|Any CPU
	EndGlobalSection
	GlobalSection(ProjectConfigurationPlatforms) = postSolution
		{B9803DE9-2C7F-449C-A58B-5DDF258BC653}.Debug|Any CPU.ActiveCfg = Debug|Any CPU
		{B9803DE9-2C7F-449C-A58B-5DDF258BC653}.Debug|Any CPU.Build.0 = Debug|Any CPU
		{B9803DE9-2C7F-449C-A58B-5DDF258BC653}.Release|Any CPU.ActiveCfg = Release|Any CPU
		{B9803DE9-2C7F-449C-A58B-5DDF258BC653}.Release|Any CPU.Build.0 = Release|Any CPU
		{A4531413-5A79-457E-8969-8B151883C65A}.Debug|Any CPU.ActiveCfg = Debug|Any CPU
		{A4531413-5A79-457E-8969-8B151883C65A}.Debug|Any CPU.Build.0 = Debug|Any CPU
		{A4531413-5A79-457E-8969-8B151883C65A}.Release|Any CPU.ActiveCfg = Release|Any CPU
		{A4531413-5A79-457E-8969-8B151883C65A}.Release|Any CPU.Build.0 = Release|Any CPU
		{CB4C9645-BC02-4DD0-BABF-47CC65D6D628}.Debug|Any CPU.ActiveCfg = Debug|Any CPU
		{CB4C9645-BC02-4DD0-BABF-47CC65D6D628}.Debug|Any CPU.Build.0 = Debug|Any CPU
		{CB4C9645-BC02-4DD0-BABF-47CC65D6D628}.Release|Any CPU.ActiveCfg = Release|Any CPU
		{CB4C9645-BC02-4DD0-BABF-47CC65D6D628}.Release|Any CPU.Build.0 = Release|Any CPU
		{0DBE8BA3-E320-4A6E-945D-EDE3E7235388}.Debug|Any CPU.ActiveCfg = Debug|Any CPU
		{0DBE8BA3-E320-4A6E-945D-EDE3E7235388}.Debug|Any CPU.Build.0 = Debug|Any CPU
		{0DBE8BA3-E320-4A6E-945D-EDE3E7235388}.Release|Any CPU.ActiveCfg = Release|Any CPU
		{0DBE8BA3-E320-4A6E-945D-EDE3E7235388}.Release|Any CPU.Build.0 = Release|Any CPU
		{613D5ACA-5B30-4C70-8C13-0997DB58DB9F}.Debug|Any CPU.ActiveCfg = Debug|Any CPU
		{613D5ACA-5B30-4C70-8C13-0997DB58DB9F}.Debug|Any CPU.Build.0 = Debug|Any CPU
		{613D5ACA-5B30-4C70-8C13-0997DB58DB9F}.Release|Any CPU.ActiveCfg = Release|Any CPU
		{613D5ACA-5B30-4C70-8C13-0997DB58DB9F}.Release|Any CPU.Build.0 = Release|Any CPU
		{525B332A-4BBF-4416-A2D1-0FCBC96ADA6B}.Debug|Any CPU.ActiveCfg = Debug|Any CPU
		{525B332A-4BBF-4416-A2D1-0FCBC96ADA6B}.Debug|Any CPU.Build.0 = Debug|Any CPU
		{525B332A-4BBF-4416-A2D1-0FCBC96ADA6B}.Release|Any CPU.ActiveCfg = Release|Any CPU
		{525B332A-4BBF-4416-A2D1-0FCBC96ADA6B}.Release|Any CPU.Build.0 = Release|Any CPU
		{665F3551-4658-45D5-AB71-9B30FE5E1EA6}.Debug|Any CPU.ActiveCfg = Debug|Any CPU
		{665F3551-4658-45D5-AB71-9B30FE5E1EA6}.Debug|Any CPU.Build.0 = Debug|Any CPU
		{665F3551-4658-45D5-AB71-9B30FE5E1EA6}.Release|Any CPU.ActiveCfg = Release|Any CPU
		{665F3551-4658-45D5-AB71-9B30FE5E1EA6}.Release|Any CPU.Build.0 = Release|Any CPU
		{2D255718-919D-4D19-9D25-E5613C760AF7}.Debug|Any CPU.ActiveCfg = Debug|Any CPU
		{2D255718-919D-4D19-9D25-E5613C760AF7}.Debug|Any CPU.Build.0 = Debug|Any CPU
		{2D255718-919D-4D19-9D25-E5613C760AF7}.Release|Any CPU.ActiveCfg = Release|Any CPU
		{2D255718-919D-4D19-9D25-E5613C760AF7}.Release|Any CPU.Build.0 = Release|Any CPU
		{687974FC-FE2F-45F1-8626-9A0E4F1D6270}.Debug|Any CPU.ActiveCfg = Debug|Any CPU
		{687974FC-FE2F-45F1-8626-9A0E4F1D6270}.Debug|Any CPU.Build.0 = Debug|Any CPU
		{687974FC-FE2F-45F1-8626-9A0E4F1D6270}.Release|Any CPU.ActiveCfg = Release|Any CPU
		{687974FC-FE2F-45F1-8626-9A0E4F1D6270}.Release|Any CPU.Build.0 = Release|Any CPU
	EndGlobalSection
	GlobalSection(SolutionProperties) = preSolution
		HideSolutionNode = FALSE
	EndGlobalSection
	GlobalSection(NestedProjects) = preSolution
		{541E99DC-76BA-4C80-A075-ECB608C6473D} = {D31B1DB6-6752-4B88-AAD6-7748C5C8BFEC}
		{20F9F2A6-9408-45D4-B641-A645A817A7A6} = {D31B1DB6-6752-4B88-AAD6-7748C5C8BFEC}
		{0EB1E7CF-A190-43F2-975B-A769BBD76E49} = {D31B1DB6-6752-4B88-AAD6-7748C5C8BFEC}
		{526333A6-56DD-49C2-9B90-6607787A57BC} = {D31B1DB6-6752-4B88-AAD6-7748C5C8BFEC}
		{CCBEBA37-FF16-40B9-AEB9-063E6130C762} = {D31B1DB6-6752-4B88-AAD6-7748C5C8BFEC}
		{56575772-1F13-4C78-AC63-D35490DDB458} = {D31B1DB6-6752-4B88-AAD6-7748C5C8BFEC}
		{B9803DE9-2C7F-449C-A58B-5DDF258BC653} = {20F9F2A6-9408-45D4-B641-A645A817A7A6}
		{A4531413-5A79-457E-8969-8B151883C65A} = {0EB1E7CF-A190-43F2-975B-A769BBD76E49}
		{4280979D-0C34-453D-AA9F-09680DAC412B} = {20F9F2A6-9408-45D4-B641-A645A817A7A6}
		{CB4C9645-BC02-4DD0-BABF-47CC65D6D628} = {4280979D-0C34-453D-AA9F-09680DAC412B}
		{0DBE8BA3-E320-4A6E-945D-EDE3E7235388} = {20F9F2A6-9408-45D4-B641-A645A817A7A6}
		{613D5ACA-5B30-4C70-8C13-0997DB58DB9F} = {20F9F2A6-9408-45D4-B641-A645A817A7A6}
		{525B332A-4BBF-4416-A2D1-0FCBC96ADA6B} = {55F6ABBA-5F7B-45C6-8CFC-578F04FB9458}
		{665F3551-4658-45D5-AB71-9B30FE5E1EA6} = {56575772-1F13-4C78-AC63-D35490DDB458}
		{2D255718-919D-4D19-9D25-E5613C760AF7} = {56575772-1F13-4C78-AC63-D35490DDB458}
		{687974FC-FE2F-45F1-8626-9A0E4F1D6270} = {56575772-1F13-4C78-AC63-D35490DDB458}
	EndGlobalSection
	GlobalSection(ExtensibilityGlobals) = postSolution
		SolutionGuid = {8A49D29D-C81A-4121-B028-BA94C0752A01}
	EndGlobalSection
EndGlobal
